
Microsoft Visual Studio Solution File, Format Version 12.00
# Visual Studio Version 16
VisualStudioVersion = 16.0.28729.10
MinimumVisualStudioVersion = 10.0.40219.1
Project("{9A19103F-16F7-4668-BE54-9A1E7A4F7556}") = "Anemonis.UI.ComponentModel", "Anemonis.UI.ComponentModel\Anemonis.UI.ComponentModel.csproj", "{9EFE3E9F-369A-4BC9-9D0B-51869688AC9B}"
EndProject
Project("{9A19103F-16F7-4668-BE54-9A1E7A4F7556}") = "Anemonis.UI.ComponentModel.UnitTests", "Anemonis.UI.ComponentModel.UnitTests\Anemonis.UI.ComponentModel.UnitTests.csproj", "{6636E2FE-EC58-43F1-9A9F-963F694F4BA2}"
EndProject
Project("{9A19103F-16F7-4668-BE54-9A1E7A4F7556}") = "Anemonis.UI.ComponentModel.Benchmarks", "Anemonis.UI.ComponentModel.Benchmarks\Anemonis.UI.ComponentModel.Benchmarks.csproj", "{4AF78F30-4108-49FB-9655-54A81461765F}"
EndProject
Project("{2150E333-8FDC-42A3-9474-1A3956D46DE8}") = "Solution.Build", "Solution.Build", "{ABC47AE5-4F0C-4451-8958-0530840E895E}"
	ProjectSection(SolutionItems) = preProject
		Anemonis.UI.ComponentModel.props = Anemonis.UI.ComponentModel.props
		Directory.Build.props = Directory.Build.props
		Directory.Build.targets = Directory.Build.targets
	EndProjectSection
EndProject
Global
	GlobalSection(SolutionConfigurationPlatforms) = preSolution
		Debug|Any CPU = Debug|Any CPU
		Release|Any CPU = Release|Any CPU
	EndGlobalSection
	GlobalSection(ProjectConfigurationPlatforms) = postSolution
		{9EFE3E9F-369A-4BC9-9D0B-51869688AC9B}.Debug|Any CPU.ActiveCfg = Debug|Any CPU
		{9EFE3E9F-369A-4BC9-9D0B-51869688AC9B}.Debug|Any CPU.Build.0 = Debug|Any CPU
		{9EFE3E9F-369A-4BC9-9D0B-51869688AC9B}.Release|Any CPU.ActiveCfg = Release|Any CPU
		{9EFE3E9F-369A-4BC9-9D0B-51869688AC9B}.Release|Any CPU.Build.0 = Release|Any CPU
		{6636E2FE-EC58-43F1-9A9F-963F694F4BA2}.Debug|Any CPU.ActiveCfg = Debug|Any CPU
		{6636E2FE-EC58-43F1-9A9F-963F694F4BA2}.Debug|Any CPU.Build.0 = Debug|Any CPU
		{6636E2FE-EC58-43F1-9A9F-963F694F4BA2}.Release|Any CPU.ActiveCfg = Release|Any CPU
		{6636E2FE-EC58-43F1-9A9F-963F694F4BA2}.Release|Any CPU.Build.0 = Release|Any CPU
		{4AF78F30-4108-49FB-9655-54A81461765F}.Debug|Any CPU.ActiveCfg = Debug|Any CPU
		{4AF78F30-4108-49FB-9655-54A81461765F}.Debug|Any CPU.Build.0 = Debug|Any CPU
		{4AF78F30-4108-49FB-9655-54A81461765F}.Release|Any CPU.ActiveCfg = Release|Any CPU
		{4AF78F30-4108-49FB-9655-54A81461765F}.Release|Any CPU.Build.0 = Release|Any CPU
	EndGlobalSection
	GlobalSection(SolutionProperties) = preSolution
		HideSolutionNode = FALSE
	EndGlobalSection
	GlobalSection(ExtensibilityGlobals) = postSolution
		SolutionGuid = {78DEB757-2D75-472C-A857-D7DE584CE7E9}
	EndGlobalSection
EndGlobal
