
Microsoft Visual Studio Solution File, Format Version 12.00
# Visual Studio 15
VisualStudioVersion = 15.0.27130.2010
MinimumVisualStudioVersion = 10.0.40219.1
Project("{9A19103F-16F7-4668-BE54-9A1E7A4F7556}") = "Chimera.UI.ComponentModel", "Chimera.UI.ComponentModel\Chimera.UI.ComponentModel.csproj", "{9EFE3E9F-369A-4BC9-9D0B-51869688AC9B}"
EndProject
Project("{9A19103F-16F7-4668-BE54-9A1E7A4F7556}") = "Chimera.UI.ComponentModel.Tests", "Chimera.UI.ComponentModel.Tests\Chimera.UI.ComponentModel.Tests.csproj", "{6636E2FE-EC58-43F1-9A9F-963F694F4BA2}"
EndProject
Global
	GlobalSection(SolutionConfigurationPlatforms) = preSolution
		Debug|Any CPU = Debug|Any CPU
		Release|Any CPU = Release|Any CPU
	EndGlobalSection
	GlobalSection(ProjectConfigurationPlatforms) = postSolution
		{9EFE3E9F-369A-4BC9-9D0B-51869688AC9B}.Debug|Any CPU.ActiveCfg = Debug|Any CPU
		{9EFE3E9F-369A-4BC9-9D0B-51869688AC9B}.Debug|Any CPU.Build.0 = Debug|Any CPU
		{9EFE3E9F-369A-4BC9-9D0B-51869688AC9B}.Release|Any CPU.ActiveCfg = Release|Any CPU
		{9EFE3E9F-369A-4BC9-9D0B-51869688AC9B}.Release|Any CPU.Build.0 = Release|Any CPU
		{6636E2FE-EC58-43F1-9A9F-963F694F4BA2}.Debug|Any CPU.ActiveCfg = Debug|Any CPU
		{6636E2FE-EC58-43F1-9A9F-963F694F4BA2}.Debug|Any CPU.Build.0 = Debug|Any CPU
		{6636E2FE-EC58-43F1-9A9F-963F694F4BA2}.Release|Any CPU.ActiveCfg = Release|Any CPU
		{6636E2FE-EC58-43F1-9A9F-963F694F4BA2}.Release|Any CPU.Build.0 = Release|Any CPU
	EndGlobalSection
	GlobalSection(SolutionProperties) = preSolution
		HideSolutionNode = FALSE
	EndGlobalSection
	GlobalSection(ExtensibilityGlobals) = postSolution
		SolutionGuid = {78DEB757-2D75-472C-A857-D7DE584CE7E9}
	EndGlobalSection
EndGlobal
